
Microsoft Visual Studio Solution File, Format Version 12.00
# Visual Studio Version 16
VisualStudioVersion = 16.0.31515.178
MinimumVisualStudioVersion = 10.0.40219.1
Project("{2150E333-8FDC-42A3-9474-1A3956D46DE8}") = "Repository Items", "Repository Items", "{7B6E5C20-CCD5-478F-92AC-09B3EF39D831}"
	ProjectSection(SolutionItems) = preProject
		..\.editorconfig = ..\.editorconfig
		..\.gitattributes = ..\.gitattributes
		..\.gitignore = ..\.gitignore
		..\LICENSE.md = ..\LICENSE.md
		..\README.md = ..\README.md
	EndProjectSection
EndProject
Project("{9A19103F-16F7-4668-BE54-9A1E7A4F7556}") = "MusicLibraryCatalogBuilder", "MusicLibraryCatalogBuilder\MusicLibraryCatalogBuilder.csproj", "{16F660C7-FF96-4D94-9EBF-57369AEBBA9A}"
EndProject
Global
	GlobalSection(SolutionConfigurationPlatforms) = preSolution
		Debug|Any CPU = Debug|Any CPU
		Release|Any CPU = Release|Any CPU
	EndGlobalSection
	GlobalSection(ProjectConfigurationPlatforms) = postSolution
		{16F660C7-FF96-4D94-9EBF-57369AEBBA9A}.Debug|Any CPU.ActiveCfg = Debug|Any CPU
		{16F660C7-FF96-4D94-9EBF-57369AEBBA9A}.Debug|Any CPU.Build.0 = Debug|Any CPU
		{16F660C7-FF96-4D94-9EBF-57369AEBBA9A}.Release|Any CPU.ActiveCfg = Release|Any CPU
		{16F660C7-FF96-4D94-9EBF-57369AEBBA9A}.Release|Any CPU.Build.0 = Release|Any CPU
	EndGlobalSection
	GlobalSection(SolutionProperties) = preSolution
		HideSolutionNode = FALSE
	EndGlobalSection
	GlobalSection(ExtensibilityGlobals) = postSolution
		SolutionGuid = {DE4B2E34-D3D0-4EF6-BDBB-85B9878AC1BD}
	EndGlobalSection
EndGlobal
